
Microsoft Visual Studio Solution File, Format Version 12.00
# Visual Studio Version 17
VisualStudioVersion = 17.14.36221.1
MinimumVisualStudioVersion = 10.0.40219.1
Project("{2150E333-8FDC-42A3-9474-1A3956D46DE8}") = "解决方案项", "解决方案项", "{9FA3D6BD-1EC1-3BA5-80CB-CE02773A58D5}"
	ProjectSection(SolutionItems) = preProject
		学习进度记录.md = 学习进度记录.md
	EndProjectSection
EndProject
Project("{FAE04EC0-301F-11D3-BF4B-00C04F79EFBC}") = "BlazorLearning.Api", "BlazorLearning.Api\BlazorLearning.Api.csproj", "{EA989992-0E70-4162-9508-CF2BC68A5320}"
EndProject
Project("{FAE04EC0-301F-11D3-BF4B-00C04F79EFBC}") = "BlazorLearning.Shared", "BlazorLearning.Shared\BlazorLearning.Shared.csproj", "{AB005597-2913-40F2-A497-0E5B5782DFBC}"
EndProject
Global
	GlobalSection(SolutionConfigurationPlatforms) = preSolution
		Debug|Any CPU = Debug|Any CPU
		Release|Any CPU = Release|Any CPU
	EndGlobalSection
	GlobalSection(ProjectConfigurationPlatforms) = postSolution
		{EA989992-0E70-4162-9508-CF2BC68A5320}.Debug|Any CPU.ActiveCfg = Debug|Any CPU
		{EA989992-0E70-4162-9508-CF2BC68A5320}.Debug|Any CPU.Build.0 = Debug|Any CPU
		{EA989992-0E70-4162-9508-CF2BC68A5320}.Release|Any CPU.ActiveCfg = Release|Any CPU
		{EA989992-0E70-4162-9508-CF2BC68A5320}.Release|Any CPU.Build.0 = Release|Any CPU
		{AB005597-2913-40F2-A497-0E5B5782DFBC}.Debug|Any CPU.ActiveCfg = Debug|Any CPU
		{AB005597-2913-40F2-A497-0E5B5782DFBC}.Debug|Any CPU.Build.0 = Debug|Any CPU
		{AB005597-2913-40F2-A497-0E5B5782DFBC}.Release|Any CPU.ActiveCfg = Release|Any CPU
		{AB005597-2913-40F2-A497-0E5B5782DFBC}.Release|Any CPU.Build.0 = Release|Any CPU
	EndGlobalSection
	GlobalSection(SolutionProperties) = preSolution
		HideSolutionNode = FALSE
	EndGlobalSection
	GlobalSection(ExtensibilityGlobals) = postSolution
		SolutionGuid = {0E8F03DD-F4AB-4E8B-8DCE-A376F567532F}
	EndGlobalSection
EndGlobal
